
Microsoft Visual Studio Solution File, Format Version 12.00
# Visual Studio Version 17
VisualStudioVersion = 17.7.34003.232
MinimumVisualStudioVersion = 10.0.40219.1
Project("{FAE04EC0-301F-11D3-BF4B-00C04F79EFBC}") = "AgendaContactos", "AgendaContactos\AgendaContactos.csproj", "{FAB3931A-1916-4559-9A43-B7483F45FE49}"
EndProject
Global
	GlobalSection(SolutionConfigurationPlatforms) = preSolution
		Debug|Any CPU = Debug|Any CPU
		Release|Any CPU = Release|Any CPU
	EndGlobalSection
	GlobalSection(ProjectConfigurationPlatforms) = postSolution
		{FAB3931A-1916-4559-9A43-B7483F45FE49}.Debug|Any CPU.ActiveCfg = Debug|Any CPU
		{FAB3931A-1916-4559-9A43-B7483F45FE49}.Debug|Any CPU.Build.0 = Debug|Any CPU
		{FAB3931A-1916-4559-9A43-B7483F45FE49}.Release|Any CPU.ActiveCfg = Release|Any CPU
		{FAB3931A-1916-4559-9A43-B7483F45FE49}.Release|Any CPU.Build.0 = Release|Any CPU
	EndGlobalSection
	GlobalSection(SolutionProperties) = preSolution
		HideSolutionNode = FALSE
	EndGlobalSection
	GlobalSection(ExtensibilityGlobals) = postSolution
		SolutionGuid = {82407042-0C9C-417C-8846-813F26EE1677}
	EndGlobalSection
EndGlobal
